
Microsoft Visual Studio Solution File, Format Version 12.00
Project("{FAE04EC0-301F-11D3-BF4B-00C04F79EFBC}") = "WeatherMusicBot", "WeatherMusicBot\WeatherMusicBot.csproj", "{021E18F6-A0C7-4640-84E8-3F87CBF4704D}"
EndProject
Global
	GlobalSection(SolutionConfigurationPlatforms) = preSolution
		Debug|Any CPU = Debug|Any CPU
		Release|Any CPU = Release|Any CPU
	EndGlobalSection
	GlobalSection(ProjectConfigurationPlatforms) = postSolution
		{021E18F6-A0C7-4640-84E8-3F87CBF4704D}.Debug|Any CPU.ActiveCfg = Debug|Any CPU
		{021E18F6-A0C7-4640-84E8-3F87CBF4704D}.Debug|Any CPU.Build.0 = Debug|Any CPU
		{021E18F6-A0C7-4640-84E8-3F87CBF4704D}.Release|Any CPU.ActiveCfg = Release|Any CPU
		{021E18F6-A0C7-4640-84E8-3F87CBF4704D}.Release|Any CPU.Build.0 = Release|Any CPU
	EndGlobalSection
EndGlobal
